
Microsoft Visual Studio Solution File, Format Version 12.00
# Visual Studio Version 16
VisualStudioVersion = 16.0.29123.88
MinimumVisualStudioVersion = 10.0.40219.1
Project("{FAE04EC0-301F-11D3-BF4B-00C04F79EFBC}") = "Zemoga.Service.Models", "Zemoga.Models\Zemoga.Service.Models.csproj", "{AF6822E3-E87F-4D0E-8D30-5A493F9056BF}"
EndProject
Project("{FAE04EC0-301F-11D3-BF4B-00C04F79EFBC}") = "Zemoga.Service.Data", "Zemoga.Service.Data\Zemoga.Service.Data.csproj", "{B1DDAC07-9D9E-4F4A-BC61-6B30EA67D385}"
EndProject
Project("{FAE04EC0-301F-11D3-BF4B-00C04F79EFBC}") = "Zemoga.Service", "Zemoga.Service\Zemoga.Service.csproj", "{CFB7A375-66DA-456C-A079-3D26C8402DAD}"
EndProject
Project("{FAE04EC0-301F-11D3-BF4B-00C04F79EFBC}") = "Zemoga.Web.Service", "Zemoga.Web.Service\Zemoga.Web.Service.csproj", "{CA6E589E-22D7-4FD2-99DF-06E2ED7A6D2B}"
EndProject
Project("{FAE04EC0-301F-11D3-BF4B-00C04F79EFBC}") = "Zemoga.Web", "Zemoga.Web\Zemoga.Web.csproj", "{AE4ED232-4B65-4C16-89C3-60F040AC0B89}"
EndProject
Project("{FAE04EC0-301F-11D3-BF4B-00C04F79EFBC}") = "Zemoga.Service.Test", "Zemoga.Service.Test\Zemoga.Service.Test.csproj", "{2256C95B-078E-47B3-9F0C-4D2DEAE6A9FE}"
EndProject
Global
	GlobalSection(SolutionConfigurationPlatforms) = preSolution
		Debug|Any CPU = Debug|Any CPU
		Release|Any CPU = Release|Any CPU
	EndGlobalSection
	GlobalSection(ProjectConfigurationPlatforms) = postSolution
		{AF6822E3-E87F-4D0E-8D30-5A493F9056BF}.Debug|Any CPU.ActiveCfg = Debug|Any CPU
		{AF6822E3-E87F-4D0E-8D30-5A493F9056BF}.Debug|Any CPU.Build.0 = Debug|Any CPU
		{AF6822E3-E87F-4D0E-8D30-5A493F9056BF}.Release|Any CPU.ActiveCfg = Release|Any CPU
		{AF6822E3-E87F-4D0E-8D30-5A493F9056BF}.Release|Any CPU.Build.0 = Release|Any CPU
		{B1DDAC07-9D9E-4F4A-BC61-6B30EA67D385}.Debug|Any CPU.ActiveCfg = Debug|Any CPU
		{B1DDAC07-9D9E-4F4A-BC61-6B30EA67D385}.Debug|Any CPU.Build.0 = Debug|Any CPU
		{B1DDAC07-9D9E-4F4A-BC61-6B30EA67D385}.Release|Any CPU.ActiveCfg = Release|Any CPU
		{B1DDAC07-9D9E-4F4A-BC61-6B30EA67D385}.Release|Any CPU.Build.0 = Release|Any CPU
		{CFB7A375-66DA-456C-A079-3D26C8402DAD}.Debug|Any CPU.ActiveCfg = Debug|Any CPU
		{CFB7A375-66DA-456C-A079-3D26C8402DAD}.Debug|Any CPU.Build.0 = Debug|Any CPU
		{CFB7A375-66DA-456C-A079-3D26C8402DAD}.Release|Any CPU.ActiveCfg = Release|Any CPU
		{CFB7A375-66DA-456C-A079-3D26C8402DAD}.Release|Any CPU.Build.0 = Release|Any CPU
		{CA6E589E-22D7-4FD2-99DF-06E2ED7A6D2B}.Debug|Any CPU.ActiveCfg = Debug|Any CPU
		{CA6E589E-22D7-4FD2-99DF-06E2ED7A6D2B}.Debug|Any CPU.Build.0 = Debug|Any CPU
		{CA6E589E-22D7-4FD2-99DF-06E2ED7A6D2B}.Release|Any CPU.ActiveCfg = Release|Any CPU
		{CA6E589E-22D7-4FD2-99DF-06E2ED7A6D2B}.Release|Any CPU.Build.0 = Release|Any CPU
		{AE4ED232-4B65-4C16-89C3-60F040AC0B89}.Debug|Any CPU.ActiveCfg = Debug|Any CPU
		{AE4ED232-4B65-4C16-89C3-60F040AC0B89}.Debug|Any CPU.Build.0 = Debug|Any CPU
		{AE4ED232-4B65-4C16-89C3-60F040AC0B89}.Release|Any CPU.ActiveCfg = Release|Any CPU
		{AE4ED232-4B65-4C16-89C3-60F040AC0B89}.Release|Any CPU.Build.0 = Release|Any CPU
		{2256C95B-078E-47B3-9F0C-4D2DEAE6A9FE}.Debug|Any CPU.ActiveCfg = Debug|Any CPU
		{2256C95B-078E-47B3-9F0C-4D2DEAE6A9FE}.Debug|Any CPU.Build.0 = Debug|Any CPU
		{2256C95B-078E-47B3-9F0C-4D2DEAE6A9FE}.Release|Any CPU.ActiveCfg = Release|Any CPU
		{2256C95B-078E-47B3-9F0C-4D2DEAE6A9FE}.Release|Any CPU.Build.0 = Release|Any CPU
	EndGlobalSection
	GlobalSection(SolutionProperties) = preSolution
		HideSolutionNode = FALSE
	EndGlobalSection
	GlobalSection(ExtensibilityGlobals) = postSolution
		SolutionGuid = {AD5141DE-4DB3-4A9E-80B7-DE6739506E1F}
	EndGlobalSection
EndGlobal
